
Microsoft Visual Studio Solution File, Format Version 12.00
# Visual Studio Version 16
VisualStudioVersion = 16.0.31624.102
MinimumVisualStudioVersion = 10.0.40219.1
Project("{FAE04EC0-301F-11D3-BF4B-00C04F79EFBC}") = "Find the largest subarray formed by consecutive", "Find the largest subarray formed by consecutive\Find the largest subarray formed by consecutive.csproj", "{7F409383-6C94-433A-8EEF-5EAD9792CEEB}"
EndProject
Global
	GlobalSection(SolutionConfigurationPlatforms) = preSolution
		Debug|Any CPU = Debug|Any CPU
		Release|Any CPU = Release|Any CPU
	EndGlobalSection
	GlobalSection(ProjectConfigurationPlatforms) = postSolution
		{7F409383-6C94-433A-8EEF-5EAD9792CEEB}.Debug|Any CPU.ActiveCfg = Debug|Any CPU
		{7F409383-6C94-433A-8EEF-5EAD9792CEEB}.Debug|Any CPU.Build.0 = Debug|Any CPU
		{7F409383-6C94-433A-8EEF-5EAD9792CEEB}.Release|Any CPU.ActiveCfg = Release|Any CPU
		{7F409383-6C94-433A-8EEF-5EAD9792CEEB}.Release|Any CPU.Build.0 = Release|Any CPU
	EndGlobalSection
	GlobalSection(SolutionProperties) = preSolution
		HideSolutionNode = FALSE
	EndGlobalSection
	GlobalSection(ExtensibilityGlobals) = postSolution
		SolutionGuid = {277C3D4D-E635-4052-87EC-E14371BCBD72}
	EndGlobalSection
EndGlobal
